<?xml version="1.0" encoding="utf-8"?>
<Project ToolsVersion="4.0" xmlns="http://schemas.microsoft.com/developer/msbuild/2003">
  <ItemGroup>
    <Filter Include="소스 파일">
      <UniqueIdentifier>{4FC737F1-C7A5-4376-A066-2A32D752A2FF}</UniqueIdentifier>
      <Extensions>cpp;c;cc;cxx;def;odl;idl;hpj;bat;asm;asmx</Extensions>
    </Filter>
    <Filter Include="헤더 파일">
      <UniqueIdentifier>{93995380-89BD-4b04-88EB-625FBE52EBFB}</UniqueIdentifier>
      <Extensions>h;hh;hpp;hxx;hm;inl;inc;ipp;xsd</Extensions>
    </Filter>
    <Filter Include="리소스 파일">
      <UniqueIdentifier>{67DA6AB6-F800-4c08-8B7A-83BB121AAD01}</UniqueIdentifier>
      <Extensions>rc;ico;cur;bmp;dlg;rc2;rct;bin;rgs;gif;jpg;jpeg;jpe;resx;tiff;tif;png;wav;mfcribbon-ms</Extensions>
    </Filter>
    <Filter Include="소스 파일\01. 알고리즘 구현">
      <UniqueIdentifier>{97e932d0-47e1-4c76-b85c-459aa54901ea}</UniqueIdentifier>
    </Filter>
    <Filter Include="소스 파일\02. 자료구조 구현">
      <UniqueIdentifier>{bbb075a5-3761-49c2-b1b0-e5702a7f2dc6}</UniqueIdentifier>
    </Filter>
    <Filter Include="소스 파일\03. 자료구조 예제">
      <UniqueIdentifier>{e624fef1-ba07-40e2-a870-1a870320fc18}</UniqueIdentifier>
    </Filter>
    <Filter Include="소스 파일\01. 알고리즘 구현\헤더파일">
      <UniqueIdentifier>{e5fa524f-6e4d-4cb0-b5be-e1281ab22464}</UniqueIdentifier>
    </Filter>
    <Filter Include="소스 파일\02. 자료구조 구현\헤더파일">
      <UniqueIdentifier>{9625625d-e853-4c8e-afb3-99ae7d54d717}</UniqueIdentifier>
    </Filter>
    <Filter Include="소스 파일\04.">
      <UniqueIdentifier>{c50ee039-acb6-4d6b-add4-c5a463fd02ad}</UniqueIdentifier>
    </Filter>
  </ItemGroup>
  <ItemGroup>
    <ClCompile Include="main.cpp">
      <Filter>소스 파일\02. 자료구조 구현</Filter>
    </ClCompile>
    <ClCompile Include="unordered_map_예제.cpp">
      <Filter>소스 파일\03. 자료구조 예제</Filter>
    </ClCompile>
    <ClCompile Include="main_algo.cpp">
      <Filter>소스 파일\01. 알고리즘 구현</Filter>
    </ClCompile>
    <ClCompile Include="벡터와 리스트 장단점.cpp">
      <Filter>소스 파일\03. 자료구조 예제</Filter>
    </ClCompile>
    <ClCompile Include="메모리릭 검사방법.cpp">
      <Filter>소스 파일\03. 자료구조 예제</Filter>
    </ClCompile>
    <ClCompile Include="set, map, unorederd정리.cpp">
      <Filter>소스 파일\03. 자료구조 예제</Filter>
    </ClCompile>
  </ItemGroup>
  <ItemGroup>
    <ClInclude Include="Headers.h">
      <Filter>헤더 파일</Filter>
    </ClInclude>
    <ClInclude Include="BubbleSort.h">
      <Filter>소스 파일\01. 알고리즘 구현\헤더파일</Filter>
    </ClInclude>
    <ClInclude Include="QuickSort.h">
      <Filter>소스 파일\01. 알고리즘 구현\헤더파일</Filter>
    </ClInclude>
    <ClInclude Include="MergeSort.h">
      <Filter>소스 파일\01. 알고리즘 구현\헤더파일</Filter>
    </ClInclude>
    <ClInclude Include="RadixSort.h">
      <Filter>소스 파일\01. 알고리즘 구현\헤더파일</Filter>
    </ClInclude>
    <ClInclude Include="Default.h">
      <Filter>헤더 파일</Filter>
    </ClInclude>
    <ClInclude Include="LinkedList.h">
      <Filter>소스 파일\02. 자료구조 구현\헤더파일</Filter>
    </ClInclude>
    <ClInclude Include="Queue.h">
      <Filter>소스 파일\02. 자료구조 구현\헤더파일</Filter>
    </ClInclude>
    <ClInclude Include="Stack.h">
      <Filter>소스 파일\02. 자료구조 구현\헤더파일</Filter>
    </ClInclude>
    <ClInclude Include="Vector.h">
      <Filter>소스 파일\02. 자료구조 구현\헤더파일</Filter>
    </ClInclude>
    <ClInclude Include="BinaryTree.h">
      <Filter>소스 파일\02. 자료구조 구현\헤더파일</Filter>
    </ClInclude>
    <ClInclude Include="Heap.h">
      <Filter>소스 파일\02. 자료구조 구현\헤더파일</Filter>
    </ClInclude>
    <ClInclude Include="Graph.h">
      <Filter>소스 파일\02. 자료구조 구현\헤더파일</Filter>
    </ClInclude>
    <ClInclude Include="HashTable_Chaning.h">
      <Filter>소스 파일\02. 자료구조 구현\헤더파일</Filter>
    </ClInclude>
    <ClInclude Include="HashTable_Array.h">
      <Filter>소스 파일\02. 자료구조 구현\헤더파일</Filter>
    </ClInclude>
  </ItemGroup>
</Project>